
Microsoft Visual Studio Solution File, Format Version 12.00
# Visual Studio Version 17
VisualStudioVersion = 17.5.33414.496
MinimumVisualStudioVersion = 10.0.40219.1
Project("{FAE04EC0-301F-11D3-BF4B-00C04F79EFBC}") = "Mongo-CS", "Mongo-CS\Mongo-CS.csproj", "{5288E61F-1D7B-4BC7-BE44-1F87BA09A6B4}"
EndProject
Project("{FAE04EC0-301F-11D3-BF4B-00C04F79EFBC}") = "Datalaag", "Datalaag\Datalaag.csproj", "{BCE2CDFA-7B16-409F-8896-24AFC31B9193}"
EndProject
Project("{FAE04EC0-301F-11D3-BF4B-00C04F79EFBC}") = "Logicalaag", "Logicalaag\Logicalaag.csproj", "{272829FF-835B-48D4-AC2B-C03EAEC1FFE9}"
EndProject
Project("{FAE04EC0-301F-11D3-BF4B-00C04F79EFBC}") = "Globals", "Globals\Globals.csproj", "{7C70A1E5-9908-476F-80A4-EC77AE490887}"
EndProject
Project("{FAE04EC0-301F-11D3-BF4B-00C04F79EFBC}") = "console", "console\console.csproj", "{EFCFF9A6-EC00-4454-AAA8-16DB766552EC}"
EndProject
Global
	GlobalSection(SolutionConfigurationPlatforms) = preSolution
		Debug|Any CPU = Debug|Any CPU
		Release|Any CPU = Release|Any CPU
	EndGlobalSection
	GlobalSection(ProjectConfigurationPlatforms) = postSolution
		{5288E61F-1D7B-4BC7-BE44-1F87BA09A6B4}.Debug|Any CPU.ActiveCfg = Debug|Any CPU
		{5288E61F-1D7B-4BC7-BE44-1F87BA09A6B4}.Debug|Any CPU.Build.0 = Debug|Any CPU
		{5288E61F-1D7B-4BC7-BE44-1F87BA09A6B4}.Release|Any CPU.ActiveCfg = Release|Any CPU
		{5288E61F-1D7B-4BC7-BE44-1F87BA09A6B4}.Release|Any CPU.Build.0 = Release|Any CPU
		{BCE2CDFA-7B16-409F-8896-24AFC31B9193}.Debug|Any CPU.ActiveCfg = Debug|Any CPU
		{BCE2CDFA-7B16-409F-8896-24AFC31B9193}.Debug|Any CPU.Build.0 = Debug|Any CPU
		{BCE2CDFA-7B16-409F-8896-24AFC31B9193}.Release|Any CPU.ActiveCfg = Release|Any CPU
		{BCE2CDFA-7B16-409F-8896-24AFC31B9193}.Release|Any CPU.Build.0 = Release|Any CPU
		{272829FF-835B-48D4-AC2B-C03EAEC1FFE9}.Debug|Any CPU.ActiveCfg = Debug|Any CPU
		{272829FF-835B-48D4-AC2B-C03EAEC1FFE9}.Debug|Any CPU.Build.0 = Debug|Any CPU
		{272829FF-835B-48D4-AC2B-C03EAEC1FFE9}.Release|Any CPU.ActiveCfg = Release|Any CPU
		{272829FF-835B-48D4-AC2B-C03EAEC1FFE9}.Release|Any CPU.Build.0 = Release|Any CPU
		{7C70A1E5-9908-476F-80A4-EC77AE490887}.Debug|Any CPU.ActiveCfg = Debug|Any CPU
		{7C70A1E5-9908-476F-80A4-EC77AE490887}.Debug|Any CPU.Build.0 = Debug|Any CPU
		{7C70A1E5-9908-476F-80A4-EC77AE490887}.Release|Any CPU.ActiveCfg = Release|Any CPU
		{7C70A1E5-9908-476F-80A4-EC77AE490887}.Release|Any CPU.Build.0 = Release|Any CPU
		{EFCFF9A6-EC00-4454-AAA8-16DB766552EC}.Debug|Any CPU.ActiveCfg = Debug|Any CPU
		{EFCFF9A6-EC00-4454-AAA8-16DB766552EC}.Debug|Any CPU.Build.0 = Debug|Any CPU
		{EFCFF9A6-EC00-4454-AAA8-16DB766552EC}.Release|Any CPU.ActiveCfg = Release|Any CPU
		{EFCFF9A6-EC00-4454-AAA8-16DB766552EC}.Release|Any CPU.Build.0 = Release|Any CPU
	EndGlobalSection
	GlobalSection(SolutionProperties) = preSolution
		HideSolutionNode = FALSE
	EndGlobalSection
	GlobalSection(ExtensibilityGlobals) = postSolution
		SolutionGuid = {76B6CC39-E93E-486C-9976-E239B3625B69}
	EndGlobalSection
EndGlobal
