
Microsoft Visual Studio Solution File, Format Version 12.00
# Visual Studio Version 17
VisualStudioVersion = 17.5.33414.496
MinimumVisualStudioVersion = 10.0.40219.1
Project("{9A19103F-16F7-4668-BE54-9A1E7A4F7556}") = "EF-Core", "EF-Core\EF-Core.csproj", "{C0E5D32B-6CC2-434E-9E42-E0C8CF97504D}"
EndProject
Project("{9A19103F-16F7-4668-BE54-9A1E7A4F7556}") = "Globals", "Globals\Globals.csproj", "{670D513F-550C-4A33-933D-38540D568707}"
EndProject
Project("{9A19103F-16F7-4668-BE54-9A1E7A4F7556}") = "Logica", "Logica\Logica.csproj", "{060ADA16-9747-48DE-B1E4-071B1F691FD1}"
EndProject
Project("{9A19103F-16F7-4668-BE54-9A1E7A4F7556}") = "Data", "Data\Data.csproj", "{2D9225E8-5783-4BBC-9767-4DCFBFB6561C}"
EndProject
Project("{FAE04EC0-301F-11D3-BF4B-00C04F79EFBC}") = "console", "console\console.csproj", "{C6BBD997-4385-44E0-8D62-2E3057D28911}"
EndProject
Global
	GlobalSection(SolutionConfigurationPlatforms) = preSolution
		Debug|Any CPU = Debug|Any CPU
		Release|Any CPU = Release|Any CPU
	EndGlobalSection
	GlobalSection(ProjectConfigurationPlatforms) = postSolution
		{C0E5D32B-6CC2-434E-9E42-E0C8CF97504D}.Debug|Any CPU.ActiveCfg = Debug|Any CPU
		{C0E5D32B-6CC2-434E-9E42-E0C8CF97504D}.Debug|Any CPU.Build.0 = Debug|Any CPU
		{C0E5D32B-6CC2-434E-9E42-E0C8CF97504D}.Release|Any CPU.ActiveCfg = Release|Any CPU
		{C0E5D32B-6CC2-434E-9E42-E0C8CF97504D}.Release|Any CPU.Build.0 = Release|Any CPU
		{670D513F-550C-4A33-933D-38540D568707}.Debug|Any CPU.ActiveCfg = Debug|Any CPU
		{670D513F-550C-4A33-933D-38540D568707}.Debug|Any CPU.Build.0 = Debug|Any CPU
		{670D513F-550C-4A33-933D-38540D568707}.Release|Any CPU.ActiveCfg = Release|Any CPU
		{670D513F-550C-4A33-933D-38540D568707}.Release|Any CPU.Build.0 = Release|Any CPU
		{060ADA16-9747-48DE-B1E4-071B1F691FD1}.Debug|Any CPU.ActiveCfg = Debug|Any CPU
		{060ADA16-9747-48DE-B1E4-071B1F691FD1}.Debug|Any CPU.Build.0 = Debug|Any CPU
		{060ADA16-9747-48DE-B1E4-071B1F691FD1}.Release|Any CPU.ActiveCfg = Release|Any CPU
		{060ADA16-9747-48DE-B1E4-071B1F691FD1}.Release|Any CPU.Build.0 = Release|Any CPU
		{2D9225E8-5783-4BBC-9767-4DCFBFB6561C}.Debug|Any CPU.ActiveCfg = Debug|Any CPU
		{2D9225E8-5783-4BBC-9767-4DCFBFB6561C}.Debug|Any CPU.Build.0 = Debug|Any CPU
		{2D9225E8-5783-4BBC-9767-4DCFBFB6561C}.Release|Any CPU.ActiveCfg = Release|Any CPU
		{2D9225E8-5783-4BBC-9767-4DCFBFB6561C}.Release|Any CPU.Build.0 = Release|Any CPU
		{C6BBD997-4385-44E0-8D62-2E3057D28911}.Debug|Any CPU.ActiveCfg = Debug|Any CPU
		{C6BBD997-4385-44E0-8D62-2E3057D28911}.Debug|Any CPU.Build.0 = Debug|Any CPU
		{C6BBD997-4385-44E0-8D62-2E3057D28911}.Release|Any CPU.ActiveCfg = Release|Any CPU
		{C6BBD997-4385-44E0-8D62-2E3057D28911}.Release|Any CPU.Build.0 = Release|Any CPU
	EndGlobalSection
	GlobalSection(SolutionProperties) = preSolution
		HideSolutionNode = FALSE
	EndGlobalSection
	GlobalSection(ExtensibilityGlobals) = postSolution
		SolutionGuid = {27382314-21E2-457C-B53F-4D1607D9FB9E}
	EndGlobalSection
EndGlobal
